<Solution>
  <Project Path="Marketplace.Api/Marketplace.Api.csproj" />
  <Project Path="Marketplace.Application/Marketplace.Application.csproj" />
  <Project Path="Marketplace.Domain/Marketplace.Domain.csproj" />
  <Project Path="Marketplace.Infrastructure/Marketplace.Infrastructure.csproj" />
</Solution>
